
Microsoft Visual Studio Solution File, Format Version 12.00
# Visual Studio Version 17
VisualStudioVersion = 17.14.36518.9 d17.14
MinimumVisualStudioVersion = 10.0.40219.1
Project("{FAE04EC0-301F-11D3-BF4B-00C04F79EFBC}") = "LegalLibrarium", "LegalLibrarium\LegalLibrarium.csproj", "{C408A094-FE31-4C2E-8590-05605CA50A19}"
EndProject
Global
	GlobalSection(SolutionConfigurationPlatforms) = preSolution
		Debug|Any CPU = Debug|Any CPU
		Release|Any CPU = Release|Any CPU
	EndGlobalSection
	GlobalSection(ProjectConfigurationPlatforms) = postSolution
		{C408A094-FE31-4C2E-8590-05605CA50A19}.Debug|Any CPU.ActiveCfg = Debug|Any CPU
		{C408A094-FE31-4C2E-8590-05605CA50A19}.Debug|Any CPU.Build.0 = Debug|Any CPU
		{C408A094-FE31-4C2E-8590-05605CA50A19}.Release|Any CPU.ActiveCfg = Release|Any CPU
		{C408A094-FE31-4C2E-8590-05605CA50A19}.Release|Any CPU.Build.0 = Release|Any CPU
	EndGlobalSection
	GlobalSection(SolutionProperties) = preSolution
		HideSolutionNode = FALSE
	EndGlobalSection
	GlobalSection(ExtensibilityGlobals) = postSolution
		SolutionGuid = {87FAB8BB-22F2-4754-A06D-9A4557BC0782}
	EndGlobalSection
EndGlobal
